
Microsoft Visual Studio Solution File, Format Version 12.00
# Visual Studio Version 16
VisualStudioVersion = 25.0.1704.0
MinimumVisualStudioVersion = 10.0.40219.1
Project("{FAE04EC0-301F-11D3-BF4B-00C04F79EFBC}") = "homework41", "homework41\homework41.csproj", "{13A4D59F-9868-47FF-9AE5-72C778E56BDF}"
EndProject
Global
	GlobalSection(SolutionConfigurationPlatforms) = preSolution
		Debug|Any CPU = Debug|Any CPU
		Release|Any CPU = Release|Any CPU
	EndGlobalSection
	GlobalSection(ProjectConfigurationPlatforms) = postSolution
		{13A4D59F-9868-47FF-9AE5-72C778E56BDF}.Debug|Any CPU.ActiveCfg = Debug|Any CPU
		{13A4D59F-9868-47FF-9AE5-72C778E56BDF}.Debug|Any CPU.Build.0 = Debug|Any CPU
		{13A4D59F-9868-47FF-9AE5-72C778E56BDF}.Release|Any CPU.ActiveCfg = Release|Any CPU
		{13A4D59F-9868-47FF-9AE5-72C778E56BDF}.Release|Any CPU.Build.0 = Release|Any CPU
	EndGlobalSection
	GlobalSection(SolutionProperties) = preSolution
		HideSolutionNode = FALSE
	EndGlobalSection
	GlobalSection(ExtensibilityGlobals) = postSolution
		SolutionGuid = {8F3DE6E7-9318-4FC0-B511-53C05F3272A0}
	EndGlobalSection
EndGlobal
